
Microsoft Visual Studio Solution File, Format Version 12.00
# Visual Studio 14
VisualStudioVersion = 14.0.23107.0
MinimumVisualStudioVersion = 10.0.40219.1
Project("{FAE04EC0-301F-11D3-BF4B-00C04F79EFBC}") = "CV-Generator", "CV-Generator\CV-Generator.csproj", "{2FB7AF3D-5317-4D46-B87C-4EE763F5CBD2}"
EndProject
Project("{FAE04EC0-301F-11D3-BF4B-00C04F79EFBC}") = "DatabaseLayer", "DatabaseLayer\DatabaseLayer.csproj", "{73C47948-6021-4241-AA84-887C1E6B52AA}"
EndProject
Project("{FAE04EC0-301F-11D3-BF4B-00C04F79EFBC}") = "UserDataLayer", "UserDataLayer\UserDataLayer.csproj", "{C1B01E80-E925-40ED-BFFF-506507DA1FBC}"
EndProject
Global
	GlobalSection(SolutionConfigurationPlatforms) = preSolution
		Debug|Any CPU = Debug|Any CPU
		Release|Any CPU = Release|Any CPU
	EndGlobalSection
	GlobalSection(ProjectConfigurationPlatforms) = postSolution
		{2FB7AF3D-5317-4D46-B87C-4EE763F5CBD2}.Debug|Any CPU.ActiveCfg = Debug|Any CPU
		{2FB7AF3D-5317-4D46-B87C-4EE763F5CBD2}.Debug|Any CPU.Build.0 = Debug|Any CPU
		{2FB7AF3D-5317-4D46-B87C-4EE763F5CBD2}.Release|Any CPU.ActiveCfg = Release|Any CPU
		{2FB7AF3D-5317-4D46-B87C-4EE763F5CBD2}.Release|Any CPU.Build.0 = Release|Any CPU
		{73C47948-6021-4241-AA84-887C1E6B52AA}.Debug|Any CPU.ActiveCfg = Debug|Any CPU
		{73C47948-6021-4241-AA84-887C1E6B52AA}.Debug|Any CPU.Build.0 = Debug|Any CPU
		{73C47948-6021-4241-AA84-887C1E6B52AA}.Release|Any CPU.ActiveCfg = Release|Any CPU
		{73C47948-6021-4241-AA84-887C1E6B52AA}.Release|Any CPU.Build.0 = Release|Any CPU
		{C1B01E80-E925-40ED-BFFF-506507DA1FBC}.Debug|Any CPU.ActiveCfg = Debug|Any CPU
		{C1B01E80-E925-40ED-BFFF-506507DA1FBC}.Debug|Any CPU.Build.0 = Debug|Any CPU
		{C1B01E80-E925-40ED-BFFF-506507DA1FBC}.Release|Any CPU.ActiveCfg = Release|Any CPU
		{C1B01E80-E925-40ED-BFFF-506507DA1FBC}.Release|Any CPU.Build.0 = Release|Any CPU
	EndGlobalSection
	GlobalSection(SolutionProperties) = preSolution
		HideSolutionNode = FALSE
	EndGlobalSection
EndGlobal
